{
  "name": "Drinking-Game-SWE-",
  "lockfileVersion": 2,
  "requires": true,
  "packages": {
    "": {
      "dependencies": {
        "node-snackbar": "^0.1.16",
        "toastify-js": "^1.11.2"
      }
    },
    "node_modules/node-snackbar": {
      "version": "0.1.16",
      "resolved": "https://registry.npmjs.org/node-snackbar/-/node-snackbar-0.1.16.tgz",
      "integrity": "sha512-3s43QMKgABXdnqUfpKAXG+WlvS8bbuO6n6LAOmmLNZs87CGdpexqfGYCktFVi9NHFgREwNJARgeVTLOFAf2MQg=="
    },
    "node_modules/toastify-js": {
      "version": "1.11.2",
      "resolved": "https://registry.npmjs.org/toastify-js/-/toastify-js-1.11.2.tgz",
      "integrity": "sha512-bMBNKhZLPX/sDhpwM7KHIRUTtqCylQeoZDiEWy5zE7iDUJ92XmP8AKgDAp9rXx6pR5GXGFtQHHoH62toahbHgQ=="
    }
  },
  "dependencies": {
    "node-snackbar": {
      "version": "0.1.16",
      "resolved": "https://registry.npmjs.org/node-snackbar/-/node-snackbar-0.1.16.tgz",
      "integrity": "sha512-3s43QMKgABXdnqUfpKAXG+WlvS8bbuO6n6LAOmmLNZs87CGdpexqfGYCktFVi9NHFgREwNJARgeVTLOFAf2MQg=="
    },
    "toastify-js": {
      "version": "1.11.2",
      "resolved": "https://registry.npmjs.org/toastify-js/-/toastify-js-1.11.2.tgz",
      "integrity": "sha512-bMBNKhZLPX/sDhpwM7KHIRUTtqCylQeoZDiEWy5zE7iDUJ92XmP8AKgDAp9rXx6pR5GXGFtQHHoH62toahbHgQ=="
    }
  }
}
